
Microsoft Visual Studio Solution File, Format Version 12.00
# Visual Studio Version 16
VisualStudioVersion = 16.0.32106.194
MinimumVisualStudioVersion = 10.0.40219.1
Project("{FAE04EC0-301F-11D3-BF4B-00C04F79EFBC}") = "GoogleDriveAPI_v03", "GoogleDriveAPI_v03\GoogleDriveAPI_v03.csproj", "{BE817BAE-8B68-4108-99D2-3CC30EA39AF9}"
EndProject
Global
	GlobalSection(SolutionConfigurationPlatforms) = preSolution
		Debug|Any CPU = Debug|Any CPU
		Release|Any CPU = Release|Any CPU
	EndGlobalSection
	GlobalSection(ProjectConfigurationPlatforms) = postSolution
		{BE817BAE-8B68-4108-99D2-3CC30EA39AF9}.Debug|Any CPU.ActiveCfg = Debug|Any CPU
		{BE817BAE-8B68-4108-99D2-3CC30EA39AF9}.Debug|Any CPU.Build.0 = Debug|Any CPU
		{BE817BAE-8B68-4108-99D2-3CC30EA39AF9}.Release|Any CPU.ActiveCfg = Release|Any CPU
		{BE817BAE-8B68-4108-99D2-3CC30EA39AF9}.Release|Any CPU.Build.0 = Release|Any CPU
	EndGlobalSection
	GlobalSection(SolutionProperties) = preSolution
		HideSolutionNode = FALSE
	EndGlobalSection
	GlobalSection(ExtensibilityGlobals) = postSolution
		SolutionGuid = {234D64C3-A4CB-4C08-A55E-0581A7D82DAA}
	EndGlobalSection
EndGlobal
